// !$*UTF8*$!
{
	archiveVersion = 1;
	classes = {
	};
	objectVersion = 48;
	objects = {

/* Begin PBXBuildFile section */
		2569ADE31FCE837900E6C5D4 /* City.swift in Sources */ = {isa = PBXBuildFile; fileRef = 2569ADE21FCE837900E6C5D4 /* City.swift */; };
		2569ADE51FCE863F00E6C5D4 /* CityTableViewCell.swift in Sources */ = {isa = PBXBuildFile; fileRef = 2569ADE41FCE863F00E6C5D4 /* CityTableViewCell.swift */; };
		256CC2BD1FCE32EC00E8DB2C /* SearchResultsController.swift in Sources */ = {isa = PBXBuildFile; fileRef = 256CC2BC1FCE32EC00E8DB2C /* SearchResultsController.swift */; };
		2584B6D01FCE21850052D771 /* AppDelegate.swift in Sources */ = {isa = PBXBuildFile; fileRef = 2584B6CF1FCE21850052D771 /* AppDelegate.swift */; };
		2584B6D21FCE21850052D771 /* ViewController.swift in Sources */ = {isa = PBXBuildFile; fileRef = 2584B6D11FCE21850052D771 /* ViewController.swift */; };
		2584B6D51FCE21850052D771 /* Main.storyboard in Resources */ = {isa = PBXBuildFile; fileRef = 2584B6D31FCE21850052D771 /* Main.storyboard */; };
		2584B6D71FCE21850052D771 /* Assets.xcassets in Resources */ = {isa = PBXBuildFile; fileRef = 2584B6D61FCE21850052D771 /* Assets.xcassets */; };
		2584B6DA1FCE21850052D771 /* LaunchScreen.storyboard in Resources */ = {isa = PBXBuildFile; fileRef = 2584B6D81FCE21850052D771 /* LaunchScreen.storyboard */; };
		2584B6E51FCE21850052D771 /* trial_weather_appTests.swift in Sources */ = {isa = PBXBuildFile; fileRef = 2584B6E41FCE21850052D771 /* trial_weather_appTests.swift */; };
		2584B6F01FCE21850052D771 /* trial_weather_appUITests.swift in Sources */ = {isa = PBXBuildFile; fileRef = 2584B6EF1FCE21850052D771 /* trial_weather_appUITests.swift */; };
		445736741FCFA9D7003B9C7F /* ForecastDataCellViewCollectionViewCell.swift in Sources */ = {isa = PBXBuildFile; fileRef = 445736721FCFA9D7003B9C7F /* ForecastDataCellViewCollectionViewCell.swift */; };
		4459D1241FD08180004FAEAF /* DetailViewController.swift in Sources */ = {isa = PBXBuildFile; fileRef = 4459D1231FD08180004FAEAF /* DetailViewController.swift */; };
		4459D1271FD0FC7D004FAEAF /* DayForecastCollectionViewCell.swift in Sources */ = {isa = PBXBuildFile; fileRef = 4459D1251FD0FC7D004FAEAF /* DayForecastCollectionViewCell.swift */; };
		965B50A9E7FCDBA949AB2D33 /* Pods_trial_weather_app.framework in Frameworks */ = {isa = PBXBuildFile; fileRef = 0547108F67BA57213EC4F563 /* Pods_trial_weather_app.framework */; };
/* End PBXBuildFile section */

/* Begin PBXContainerItemProxy section */
		2584B6E11FCE21850052D771 /* PBXContainerItemProxy */ = {
			isa = PBXContainerItemProxy;
			containerPortal = 2584B6C41FCE21850052D771 /* Project object */;
			proxyType = 1;
			remoteGlobalIDString = 2584B6CB1FCE21850052D771;
			remoteInfo = "trial weather app";
		};
		2584B6EC1FCE21850052D771 /* PBXContainerItemProxy */ = {
			isa = PBXContainerItemProxy;
			containerPortal = 2584B6C41FCE21850052D771 /* Project object */;
			proxyType = 1;
			remoteGlobalIDString = 2584B6CB1FCE21850052D771;
			remoteInfo = "trial weather app";
		};
/* End PBXContainerItemProxy section */

/* Begin PBXFileReference section */
		0547108F67BA57213EC4F563 /* Pods_trial_weather_app.framework */ = {isa = PBXFileReference; explicitFileType = wrapper.framework; includeInIndex = 0; path = Pods_trial_weather_app.framework; sourceTree = BUILT_PRODUCTS_DIR; };
		1C32561FAAD45248A32A8172 /* Pods-trial weather app.release.xcconfig */ = {isa = PBXFileReference; includeInIndex = 1; lastKnownFileType = text.xcconfig; name = "Pods-trial weather app.release.xcconfig"; path = "Pods/Target Support Files/Pods-trial weather app/Pods-trial weather app.release.xcconfig"; sourceTree = "<group>"; };
		2569ADE21FCE837900E6C5D4 /* City.swift */ = {isa = PBXFileReference; lastKnownFileType = sourcecode.swift; path = City.swift; sourceTree = "<group>"; };
		2569ADE41FCE863F00E6C5D4 /* CityTableViewCell.swift */ = {isa = PBXFileReference; lastKnownFileType = sourcecode.swift; path = CityTableViewCell.swift; sourceTree = "<group>"; };
		256CC2BC1FCE32EC00E8DB2C /* SearchResultsController.swift */ = {isa = PBXFileReference; lastKnownFileType = sourcecode.swift; path = SearchResultsController.swift; sourceTree = "<group>"; };
		2584B6CC1FCE21850052D771 /* trial weather app.app */ = {isa = PBXFileReference; explicitFileType = wrapper.application; includeInIndex = 0; path = "trial weather app.app"; sourceTree = BUILT_PRODUCTS_DIR; };
		2584B6CF1FCE21850052D771 /* AppDelegate.swift */ = {isa = PBXFileReference; lastKnownFileType = sourcecode.swift; path = AppDelegate.swift; sourceTree = "<group>"; };
		2584B6D11FCE21850052D771 /* ViewController.swift */ = {isa = PBXFileReference; lastKnownFileType = sourcecode.swift; path = ViewController.swift; sourceTree = "<group>"; };
		2584B6D41FCE21850052D771 /* Base */ = {isa = PBXFileReference; lastKnownFileType = file.storyboard; name = Base; path = Base.lproj/Main.storyboard; sourceTree = "<group>"; };
		2584B6D61FCE21850052D771 /* Assets.xcassets */ = {isa = PBXFileReference; lastKnownFileType = folder.assetcatalog; path = Assets.xcassets; sourceTree = "<group>"; };
		2584B6D91FCE21850052D771 /* Base */ = {isa = PBXFileReference; lastKnownFileType = file.storyboard; name = Base; path = Base.lproj/LaunchScreen.storyboard; sourceTree = "<group>"; };
		2584B6DB1FCE21850052D771 /* Info.plist */ = {isa = PBXFileReference; lastKnownFileType = text.plist.xml; path = Info.plist; sourceTree = "<group>"; };
		2584B6E01FCE21850052D771 /* trial weather appTests.xctest */ = {isa = PBXFileReference; explicitFileType = wrapper.cfbundle; includeInIndex = 0; path = "trial weather appTests.xctest"; sourceTree = BUILT_PRODUCTS_DIR; };
		2584B6E41FCE21850052D771 /* trial_weather_appTests.swift */ = {isa = PBXFileReference; lastKnownFileType = sourcecode.swift; path = trial_weather_appTests.swift; sourceTree = "<group>"; };
		2584B6E61FCE21850052D771 /* Info.plist */ = {isa = PBXFileReference; lastKnownFileType = text.plist.xml; path = Info.plist; sourceTree = "<group>"; };
		2584B6EB1FCE21850052D771 /* trial weather appUITests.xctest */ = {isa = PBXFileReference; explicitFileType = wrapper.cfbundle; includeInIndex = 0; path = "trial weather appUITests.xctest"; sourceTree = BUILT_PRODUCTS_DIR; };
		2584B6EF1FCE21850052D771 /* trial_weather_appUITests.swift */ = {isa = PBXFileReference; lastKnownFileType = sourcecode.swift; path = trial_weather_appUITests.swift; sourceTree = "<group>"; };
		2584B6F11FCE21850052D771 /* Info.plist */ = {isa = PBXFileReference; lastKnownFileType = text.plist.xml; path = Info.plist; sourceTree = "<group>"; };
		445736721FCFA9D7003B9C7F /* ForecastDataCellViewCollectionViewCell.swift */ = {isa = PBXFileReference; lastKnownFileType = sourcecode.swift; path = ForecastDataCellViewCollectionViewCell.swift; sourceTree = "<group>"; };
		4459D1231FD08180004FAEAF /* DetailViewController.swift */ = {isa = PBXFileReference; lastKnownFileType = sourcecode.swift; path = DetailViewController.swift; sourceTree = "<group>"; };
		4459D1251FD0FC7D004FAEAF /* DayForecastCollectionViewCell.swift */ = {isa = PBXFileReference; lastKnownFileType = sourcecode.swift; path = DayForecastCollectionViewCell.swift; sourceTree = "<group>"; };
		D83762FC192E83551CAFB66F /* Pods-trial weather app.debug.xcconfig */ = {isa = PBXFileReference; includeInIndex = 1; lastKnownFileType = text.xcconfig; name = "Pods-trial weather app.debug.xcconfig"; path = "Pods/Target Support Files/Pods-trial weather app/Pods-trial weather app.debug.xcconfig"; sourceTree = "<group>"; };
/* End PBXFileReference section */

/* Begin PBXFrameworksBuildPhase section */
		2584B6C91FCE21850052D771 /* Frameworks */ = {
			isa = PBXFrameworksBuildPhase;
			buildActionMask = 2147483647;
			files = (
				965B50A9E7FCDBA949AB2D33 /* Pods_trial_weather_app.framework in Frameworks */,
			);
			runOnlyForDeploymentPostprocessing = 0;
		};
		2584B6DD1FCE21850052D771 /* Frameworks */ = {
			isa = PBXFrameworksBuildPhase;
			buildActionMask = 2147483647;
			files = (
			);
			runOnlyForDeploymentPostprocessing = 0;
		};
		2584B6E81FCE21850052D771 /* Frameworks */ = {
			isa = PBXFrameworksBuildPhase;
			buildActionMask = 2147483647;
			files = (
			);
			runOnlyForDeploymentPostprocessing = 0;
		};
/* End PBXFrameworksBuildPhase section */

/* Begin PBXGroup section */
		2584B6C31FCE21850052D771 = {
			isa = PBXGroup;
			children = (
				2584B6CE1FCE21850052D771 /* trial weather app */,
				2584B6E31FCE21850052D771 /* trial weather appTests */,
				2584B6EE1FCE21850052D771 /* trial weather appUITests */,
				2584B6CD1FCE21850052D771 /* Products */,
				FC59F70A0960FD6EE0F12678 /* Pods */,
				2FCA11E9066CB7B190BB6858 /* Frameworks */,
			);
			sourceTree = "<group>";
		};
		2584B6CD1FCE21850052D771 /* Products */ = {
			isa = PBXGroup;
			children = (
				2584B6CC1FCE21850052D771 /* trial weather app.app */,
				2584B6E01FCE21850052D771 /* trial weather appTests.xctest */,
				2584B6EB1FCE21850052D771 /* trial weather appUITests.xctest */,
			);
			name = Products;
			sourceTree = "<group>";
		};
		2584B6CE1FCE21850052D771 /* trial weather app */ = {
			isa = PBXGroup;
			children = (
				2584B6CF1FCE21850052D771 /* AppDelegate.swift */,
				2584B6D11FCE21850052D771 /* ViewController.swift */,
				2584B6D31FCE21850052D771 /* Main.storyboard */,
				2584B6D61FCE21850052D771 /* Assets.xcassets */,
				2584B6D81FCE21850052D771 /* LaunchScreen.storyboard */,
				2584B6DB1FCE21850052D771 /* Info.plist */,
				256CC2BC1FCE32EC00E8DB2C /* SearchResultsController.swift */,
				2569ADE21FCE837900E6C5D4 /* City.swift */,
				2569ADE41FCE863F00E6C5D4 /* CityTableViewCell.swift */,
				445736721FCFA9D7003B9C7F /* ForecastDataCellViewCollectionViewCell.swift */,
				4459D1231FD08180004FAEAF /* DetailViewController.swift */,
				4459D1251FD0FC7D004FAEAF /* DayForecastCollectionViewCell.swift */,
			);
			path = "trial weather app";
			sourceTree = "<group>";
		};
		2584B6E31FCE21850052D771 /* trial weather appTests */ = {
			isa = PBXGroup;
			children = (
				2584B6E41FCE21850052D771 /* trial_weather_appTests.swift */,
				2584B6E61FCE21850052D771 /* Info.plist */,
			);
			path = "trial weather appTests";
			sourceTree = "<group>";
		};
		2584B6EE1FCE21850052D771 /* trial weather appUITests */ = {
			isa = PBXGroup;
			children = (
				2584B6EF1FCE21850052D771 /* trial_weather_appUITests.swift */,
				2584B6F11FCE21850052D771 /* Info.plist */,
			);
			path = "trial weather appUITests";
			sourceTree = "<group>";
		};
		2FCA11E9066CB7B190BB6858 /* Frameworks */ = {
			isa = PBXGroup;
			children = (
				0547108F67BA57213EC4F563 /* Pods_trial_weather_app.framework */,
			);
			name = Frameworks;
			sourceTree = "<group>";
		};
		FC59F70A0960FD6EE0F12678 /* Pods */ = {
			isa = PBXGroup;
			children = (
				D83762FC192E83551CAFB66F /* Pods-trial weather app.debug.xcconfig */,
				1C32561FAAD45248A32A8172 /* Pods-trial weather app.release.xcconfig */,
			);
			name = Pods;
			sourceTree = "<group>";
		};
/* End PBXGroup section */

/* Begin PBXNativeTarget section */
		2584B6CB1FCE21850052D771 /* trial weather app */ = {
			isa = PBXNativeTarget;
			buildConfigurationList = 2584B6F41FCE21850052D771 /* Build configuration list for PBXNativeTarget "trial weather app" */;
			buildPhases = (
				3BA2501EEFF44975C25913A5 /* [CP] Check Pods Manifest.lock */,
				2584B6C81FCE21850052D771 /* Sources */,
				2584B6C91FCE21850052D771 /* Frameworks */,
				2584B6CA1FCE21850052D771 /* Resources */,
				943000060627052C5ABE47CD /* [CP] Embed Pods Frameworks */,
				F35941A84275A3B62582D9E5 /* [CP] Copy Pods Resources */,
			);
			buildRules = (
			);
			dependencies = (
			);
			name = "trial weather app";
			productName = "trial weather app";
			productReference = 2584B6CC1FCE21850052D771 /* trial weather app.app */;
			productType = "com.apple.product-type.application";
		};
		2584B6DF1FCE21850052D771 /* trial weather appTests */ = {
			isa = PBXNativeTarget;
			buildConfigurationList = 2584B6F71FCE21850052D771 /* Build configuration list for PBXNativeTarget "trial weather appTests" */;
			buildPhases = (
				2584B6DC1FCE21850052D771 /* Sources */,
				2584B6DD1FCE21850052D771 /* Frameworks */,
				2584B6DE1FCE21850052D771 /* Resources */,
			);
			buildRules = (
			);
			dependencies = (
				2584B6E21FCE21850052D771 /* PBXTargetDependency */,
			);
			name = "trial weather appTests";
			productName = "trial weather appTests";
			productReference = 2584B6E01FCE21850052D771 /* trial weather appTests.xctest */;
			productType = "com.apple.product-type.bundle.unit-test";
		};
		2584B6EA1FCE21850052D771 /* trial weather appUITests */ = {
			isa = PBXNativeTarget;
			buildConfigurationList = 2584B6FA1FCE21850052D771 /* Build configuration list for PBXNativeTarget "trial weather appUITests" */;
			buildPhases = (
				2584B6E71FCE21850052D771 /* Sources */,
				2584B6E81FCE21850052D771 /* Frameworks */,
				2584B6E91FCE21850052D771 /* Resources */,
			);
			buildRules = (
			);
			dependencies = (
				2584B6ED1FCE21850052D771 /* PBXTargetDependency */,
			);
			name = "trial weather appUITests";
			productName = "trial weather appUITests";
			productReference = 2584B6EB1FCE21850052D771 /* trial weather appUITests.xctest */;
			productType = "com.apple.product-type.bundle.ui-testing";
		};
/* End PBXNativeTarget section */

/* Begin PBXProject section */
		2584B6C41FCE21850052D771 /* Project object */ = {
			isa = PBXProject;
			attributes = {
				LastSwiftUpdateCheck = 0910;
				LastUpgradeCheck = 0910;
				ORGANIZATIONNAME = "Ran Li";
				TargetAttributes = {
					2584B6CB1FCE21850052D771 = {
						CreatedOnToolsVersion = 9.1;
						ProvisioningStyle = Automatic;
					};
					2584B6DF1FCE21850052D771 = {
						CreatedOnToolsVersion = 9.1;
						ProvisioningStyle = Automatic;
						TestTargetID = 2584B6CB1FCE21850052D771;
					};
					2584B6EA1FCE21850052D771 = {
						CreatedOnToolsVersion = 9.1;
						ProvisioningStyle = Automatic;
						TestTargetID = 2584B6CB1FCE21850052D771;
					};
				};
			};
			buildConfigurationList = 2584B6C71FCE21850052D771 /* Build configuration list for PBXProject "trial weather app" */;
			compatibilityVersion = "Xcode 8.0";
			developmentRegion = en;
			hasScannedForEncodings = 0;
			knownRegions = (
				en,
				Base,
			);
			mainGroup = 2584B6C31FCE21850052D771;
			productRefGroup = 2584B6CD1FCE21850052D771 /* Products */;
			projectDirPath = "";
			projectRoot = "";
			targets = (
				2584B6CB1FCE21850052D771 /* trial weather app */,
				2584B6DF1FCE21850052D771 /* trial weather appTests */,
				2584B6EA1FCE21850052D771 /* trial weather appUITests */,
			);
		};
/* End PBXProject section */

/* Begin PBXResourcesBuildPhase section */
		2584B6CA1FCE21850052D771 /* Resources */ = {
			isa = PBXResourcesBuildPhase;
			buildActionMask = 2147483647;
			files = (
				2584B6DA1FCE21850052D771 /* LaunchScreen.storyboard in Resources */,
				2584B6D71FCE21850052D771 /* Assets.xcassets in Resources */,
				2584B6D51FCE21850052D771 /* Main.storyboard in Resources */,
			);
			runOnlyForDeploymentPostprocessing = 0;
		};
		2584B6DE1FCE21850052D771 /* Resources */ = {
			isa = PBXResourcesBuildPhase;
			buildActionMask = 2147483647;
			files = (
			);
			runOnlyForDeploymentPostprocessing = 0;
		};
		2584B6E91FCE21850052D771 /* Resources */ = {
			isa = PBXResourcesBuildPhase;
			buildActionMask = 2147483647;
			files = (
			);
			runOnlyForDeploymentPostprocessing = 0;
		};
/* End PBXResourcesBuildPhase section */

/* Begin PBXShellScriptBuildPhase section */
		3BA2501EEFF44975C25913A5 /* [CP] Check Pods Manifest.lock */ = {
			isa = PBXShellScriptBuildPhase;
			buildActionMask = 2147483647;
			files = (
			);
			inputPaths = (
				"${PODS_PODFILE_DIR_PATH}/Podfile.lock",
				"${PODS_ROOT}/Manifest.lock",
			);
			name = "[CP] Check Pods Manifest.lock";
			outputPaths = (
				"$(DERIVED_FILE_DIR)/Pods-trial weather app-checkManifestLockResult.txt",
			);
			runOnlyForDeploymentPostprocessing = 0;
			shellPath = /bin/sh;
			shellScript = "diff \"${PODS_PODFILE_DIR_PATH}/Podfile.lock\" \"${PODS_ROOT}/Manifest.lock\" > /dev/null\nif [ $? != 0 ] ; then\n    # print error to STDERR\n    echo \"error: The sandbox is not in sync with the Podfile.lock. Run 'pod install' or update your CocoaPods installation.\" >&2\n    exit 1\nfi\n# This output is used by Xcode 'outputs' to avoid re-running this script phase.\necho \"SUCCESS\" > \"${SCRIPT_OUTPUT_FILE_0}\"\n";
			showEnvVarsInLog = 0;
		};
		943000060627052C5ABE47CD /* [CP] Embed Pods Frameworks */ = {
			isa = PBXShellScriptBuildPhase;
			buildActionMask = 2147483647;
			files = (
			);
			inputPaths = (
				"${SRCROOT}/Pods/Target Support Files/Pods-trial weather app/Pods-trial weather app-frameworks.sh",
				"${BUILT_PRODUCTS_DIR}/OpenWeatherMapAPIConsumer/OpenWeatherMapAPIConsumer.framework",
				"${BUILT_PRODUCTS_DIR}/Toast-Swift/Toast_Swift.framework",
			);
			name = "[CP] Embed Pods Frameworks";
			outputPaths = (
				"${TARGET_BUILD_DIR}/${FRAMEWORKS_FOLDER_PATH}/OpenWeatherMapAPIConsumer.framework",
				"${TARGET_BUILD_DIR}/${FRAMEWORKS_FOLDER_PATH}/Toast_Swift.framework",
			);
			runOnlyForDeploymentPostprocessing = 0;
			shellPath = /bin/sh;
			shellScript = "\"${SRCROOT}/Pods/Target Support Files/Pods-trial weather app/Pods-trial weather app-frameworks.sh\"\n";
			showEnvVarsInLog = 0;
		};
		F35941A84275A3B62582D9E5 /* [CP] Copy Pods Resources */ = {
			isa = PBXShellScriptBuildPhase;
			buildActionMask = 2147483647;
			files = (
			);
			inputPaths = (
				"${SRCROOT}/Pods/Target Support Files/Pods-trial weather app/Pods-trial weather app-resources.sh",
				"${PODS_ROOT}/GoogleMaps/Maps/Frameworks/GoogleMaps.framework/Resources/GoogleMaps.bundle",
				"${PODS_ROOT}/GooglePlacePicker/Frameworks/GooglePlacePicker.framework/Resources/GooglePlacePicker.bundle",
				"${PODS_ROOT}/GooglePlaces/Frameworks/GooglePlaces.framework/Resources/GooglePlaces.bundle",
			);
			name = "[CP] Copy Pods Resources";
			outputPaths = (
				"${TARGET_BUILD_DIR}/${UNLOCALIZED_RESOURCES_FOLDER_PATH}",
			);
			runOnlyForDeploymentPostprocessing = 0;
			shellPath = /bin/sh;
			shellScript = "\"${SRCROOT}/Pods/Target Support Files/Pods-trial weather app/Pods-trial weather app-resources.sh\"\n";
			showEnvVarsInLog = 0;
		};
/* End PBXShellScriptBuildPhase section */

/* Begin PBXSourcesBuildPhase section */
		2584B6C81FCE21850052D771 /* Sources */ = {
			isa = PBXSourcesBuildPhase;
			buildActionMask = 2147483647;
			files = (
				2584B6D21FCE21850052D771 /* ViewController.swift in Sources */,
				256CC2BD1FCE32EC00E8DB2C /* SearchResultsController.swift in Sources */,
				4459D1271FD0FC7D004FAEAF /* DayForecastCollectionViewCell.swift in Sources */,
				2569ADE51FCE863F00E6C5D4 /* CityTableViewCell.swift in Sources */,
				2569ADE31FCE837900E6C5D4 /* City.swift in Sources */,
				445736741FCFA9D7003B9C7F /* ForecastDataCellViewCollectionViewCell.swift in Sources */,
				2584B6D01FCE21850052D771 /* AppDelegate.swift in Sources */,
				4459D1241FD08180004FAEAF /* DetailViewController.swift in Sources */,
			);
			runOnlyForDeploymentPostprocessing = 0;
		};
		2584B6DC1FCE21850052D771 /* Sources */ = {
			isa = PBXSourcesBuildPhase;
			buildActionMask = 2147483647;
			files = (
				2584B6E51FCE21850052D771 /* trial_weather_appTests.swift in Sources */,
			);
			runOnlyForDeploymentPostprocessing = 0;
		};
		2584B6E71FCE21850052D771 /* Sources */ = {
			isa = PBXSourcesBuildPhase;
			buildActionMask = 2147483647;
			files = (
				2584B6F01FCE21850052D771 /* trial_weather_appUITests.swift in Sources */,
			);
			runOnlyForDeploymentPostprocessing = 0;
		};
/* End PBXSourcesBuildPhase section */

/* Begin PBXTargetDependency section */
		2584B6E21FCE21850052D771 /* PBXTargetDependency */ = {
			isa = PBXTargetDependency;
			target = 2584B6CB1FCE21850052D771 /* trial weather app */;
			targetProxy = 2584B6E11FCE21850052D771 /* PBXContainerItemProxy */;
		};
		2584B6ED1FCE21850052D771 /* PBXTargetDependency */ = {
			isa = PBXTargetDependency;
			target = 2584B6CB1FCE21850052D771 /* trial weather app */;
			targetProxy = 2584B6EC1FCE21850052D771 /* PBXContainerItemProxy */;
		};
/* End PBXTargetDependency section */

/* Begin PBXVariantGroup section */
		2584B6D31FCE21850052D771 /* Main.storyboard */ = {
			isa = PBXVariantGroup;
			children = (
				2584B6D41FCE21850052D771 /* Base */,
			);
			name = Main.storyboard;
			sourceTree = "<group>";
		};
		2584B6D81FCE21850052D771 /* LaunchScreen.storyboard */ = {
			isa = PBXVariantGroup;
			children = (
				2584B6D91FCE21850052D771 /* Base */,
			);
			name = LaunchScreen.storyboard;
			sourceTree = "<group>";
		};
/* End PBXVariantGroup section */

/* Begin XCBuildConfiguration section */
		2584B6F21FCE21850052D771 /* Debug */ = {
			isa = XCBuildConfiguration;
			buildSettings = {
				ALWAYS_SEARCH_USER_PATHS = NO;
				CLANG_ANALYZER_NONNULL = YES;
				CLANG_ANALYZER_NUMBER_OBJECT_CONVERSION = YES_AGGRESSIVE;
				CLANG_CXX_LANGUAGE_STANDARD = "gnu++14";
				CLANG_CXX_LIBRARY = "libc++";
				CLANG_ENABLE_MODULES = YES;
				CLANG_ENABLE_OBJC_ARC = YES;
				CLANG_WARN_BLOCK_CAPTURE_AUTORELEASING = YES;
				CLANG_WARN_BOOL_CONVERSION = YES;
				CLANG_WARN_COMMA = YES;
				CLANG_WARN_CONSTANT_CONVERSION = YES;
				CLANG_WARN_DIRECT_OBJC_ISA_USAGE = YES_ERROR;
				CLANG_WARN_DOCUMENTATION_COMMENTS = YES;
				CLANG_WARN_EMPTY_BODY = YES;
				CLANG_WARN_ENUM_CONVERSION = YES;
				CLANG_WARN_INFINITE_RECURSION = YES;
				CLANG_WARN_INT_CONVERSION = YES;
				CLANG_WARN_NON_LITERAL_NULL_CONVERSION = YES;
				CLANG_WARN_OBJC_LITERAL_CONVERSION = YES;
				CLANG_WARN_OBJC_ROOT_CLASS = YES_ERROR;
				CLANG_WARN_RANGE_LOOP_ANALYSIS = YES;
				CLANG_WARN_STRICT_PROTOTYPES = YES;
				CLANG_WARN_SUSPICIOUS_MOVE = YES;
				CLANG_WARN_UNGUARDED_AVAILABILITY = YES_AGGRESSIVE;
				CLANG_WARN_UNREACHABLE_CODE = YES;
				CLANG_WARN__DUPLICATE_METHOD_MATCH = YES;
				CODE_SIGN_IDENTITY = "iPhone Developer";
				COPY_PHASE_STRIP = NO;
				DEBUG_INFORMATION_FORMAT = dwarf;
				ENABLE_STRICT_OBJC_MSGSEND = YES;
				ENABLE_TESTABILITY = YES;
				GCC_C_LANGUAGE_STANDARD = gnu11;
				GCC_DYNAMIC_NO_PIC = NO;
				GCC_NO_COMMON_BLOCKS = YES;
				GCC_OPTIMIZATION_LEVEL = 0;
				GCC_PREPROCESSOR_DEFINITIONS = (
					"DEBUG=1",
					"$(inherited)",
				);
				GCC_WARN_64_TO_32_BIT_CONVERSION = YES;
				GCC_WARN_ABOUT_RETURN_TYPE = YES_ERROR;
				GCC_WARN_UNDECLARED_SELECTOR = YES;
				GCC_WARN_UNINITIALIZED_AUTOS = YES_AGGRESSIVE;
				GCC_WARN_UNUSED_FUNCTION = YES;
				GCC_WARN_UNUSED_VARIABLE = YES;
				IPHONEOS_DEPLOYMENT_TARGET = 11.1;
				MTL_ENABLE_DEBUG_INFO = YES;
				ONLY_ACTIVE_ARCH = YES;
				SDKROOT = iphoneos;
				SWIFT_ACTIVE_COMPILATION_CONDITIONS = DEBUG;
				SWIFT_OPTIMIZATION_LEVEL = "-Onone";
			};
			name = Debug;
		};
		2584B6F31FCE21850052D771 /* Release */ = {
			isa = XCBuildConfiguration;
			buildSettings = {
				ALWAYS_SEARCH_USER_PATHS = NO;
				CLANG_ANALYZER_NONNULL = YES;
				CLANG_ANALYZER_NUMBER_OBJECT_CONVERSION = YES_AGGRESSIVE;
				CLANG_CXX_LANGUAGE_STANDARD = "gnu++14";
				CLANG_CXX_LIBRARY = "libc++";
				CLANG_ENABLE_MODULES = YES;
				CLANG_ENABLE_OBJC_ARC = YES;
				CLANG_WARN_BLOCK_CAPTURE_AUTORELEASING = YES;
				CLANG_WARN_BOOL_CONVERSION = YES;
				CLANG_WARN_COMMA = YES;
				CLANG_WARN_CONSTANT_CONVERSION = YES;
				CLANG_WARN_DIRECT_OBJC_ISA_USAGE = YES_ERROR;
				CLANG_WARN_DOCUMENTATION_COMMENTS = YES;
				CLANG_WARN_EMPTY_BODY = YES;
				CLANG_WARN_ENUM_CONVERSION = YES;
				CLANG_WARN_INFINITE_RECURSION = YES;
				CLANG_WARN_INT_CONVERSION = YES;
				CLANG_WARN_NON_LITERAL_NULL_CONVERSION = YES;
				CLANG_WARN_OBJC_LITERAL_CONVERSION = YES;
				CLANG_WARN_OBJC_ROOT_CLASS = YES_ERROR;
				CLANG_WARN_RANGE_LOOP_ANALYSIS = YES;
				CLANG_WARN_STRICT_PROTOTYPES = YES;
				CLANG_WARN_SUSPICIOUS_MOVE = YES;
				CLANG_WARN_UNGUARDED_AVAILABILITY = YES_AGGRESSIVE;
				CLANG_WARN_UNREACHABLE_CODE = YES;
				CLANG_WARN__DUPLICATE_METHOD_MATCH = YES;
				CODE_SIGN_IDENTITY = "iPhone Developer";
				COPY_PHASE_STRIP = NO;
				DEBUG_INFORMATION_FORMAT = "dwarf-with-dsym";
				ENABLE_NS_ASSERTIONS = NO;
				ENABLE_STRICT_OBJC_MSGSEND = YES;
				GCC_C_LANGUAGE_STANDARD = gnu11;
				GCC_NO_COMMON_BLOCKS = YES;
				GCC_WARN_64_TO_32_BIT_CONVERSION = YES;
				GCC_WARN_ABOUT_RETURN_TYPE = YES_ERROR;
				GCC_WARN_UNDECLARED_SELECTOR = YES;
				GCC_WARN_UNINITIALIZED_AUTOS = YES_AGGRESSIVE;
				GCC_WARN_UNUSED_FUNCTION = YES;
				GCC_WARN_UNUSED_VARIABLE = YES;
				IPHONEOS_DEPLOYMENT_TARGET = 11.1;
				MTL_ENABLE_DEBUG_INFO = NO;
				SDKROOT = iphoneos;
				SWIFT_OPTIMIZATION_LEVEL = "-Owholemodule";
				VALIDATE_PRODUCT = YES;
			};
			name = Release;
		};
		2584B6F51FCE21850052D771 /* Debug */ = {
			isa = XCBuildConfiguration;
			baseConfigurationReference = D83762FC192E83551CAFB66F /* Pods-trial weather app.debug.xcconfig */;
			buildSettings = {
				ASSETCATALOG_COMPILER_APPICON_NAME = AppIcon;
				CODE_SIGN_STYLE = Automatic;
				INFOPLIST_FILE = "trial weather app/Info.plist";
				LD_RUNPATH_SEARCH_PATHS = "$(inherited) @executable_path/Frameworks";
				PRODUCT_BUNDLE_IDENTIFIER = "com.trial-weather-app";
				PRODUCT_NAME = "$(TARGET_NAME)";
				SWIFT_VERSION = 4.0;
				TARGETED_DEVICE_FAMILY = "1,2";
			};
			name = Debug;
		};
		2584B6F61FCE21850052D771 /* Release */ = {
			isa = XCBuildConfiguration;
			baseConfigurationReference = 1C32561FAAD45248A32A8172 /* Pods-trial weather app.release.xcconfig */;
			buildSettings = {
				ASSETCATALOG_COMPILER_APPICON_NAME = AppIcon;
				CODE_SIGN_STYLE = Automatic;
				INFOPLIST_FILE = "trial weather app/Info.plist";
				LD_RUNPATH_SEARCH_PATHS = "$(inherited) @executable_path/Frameworks";
				PRODUCT_BUNDLE_IDENTIFIER = "com.trial-weather-app";
				PRODUCT_NAME = "$(TARGET_NAME)";
				SWIFT_VERSION = 4.0;
				TARGETED_DEVICE_FAMILY = "1,2";
			};
			name = Release;
		};
		2584B6F81FCE21850052D771 /* Debug */ = {
			isa = XCBuildConfiguration;
			buildSettings = {
				ALWAYS_EMBED_SWIFT_STANDARD_LIBRARIES = YES;
				BUNDLE_LOADER = "$(TEST_HOST)";
				CODE_SIGN_STYLE = Automatic;
				INFOPLIST_FILE = "trial weather appTests/Info.plist";
				LD_RUNPATH_SEARCH_PATHS = "$(inherited) @executable_path/Frameworks @loader_path/Frameworks";
				PRODUCT_BUNDLE_IDENTIFIER = "com.trial-weather-appTests";
				PRODUCT_NAME = "$(TARGET_NAME)";
				SWIFT_VERSION = 4.0;
				TARGETED_DEVICE_FAMILY = "1,2";
				TEST_HOST = "$(BUILT_PRODUCTS_DIR)/trial weather app.app/trial weather app";
			};
			name = Debug;
		};
		2584B6F91FCE21850052D771 /* Release */ = {
			isa = XCBuildConfiguration;
			buildSettings = {
				ALWAYS_EMBED_SWIFT_STANDARD_LIBRARIES = YES;
				BUNDLE_LOADER = "$(TEST_HOST)";
				CODE_SIGN_STYLE = Automatic;
				INFOPLIST_FILE = "trial weather appTests/Info.plist";
				LD_RUNPATH_SEARCH_PATHS = "$(inherited) @executable_path/Frameworks @loader_path/Frameworks";
				PRODUCT_BUNDLE_IDENTIFIER = "com.trial-weather-appTests";
				PRODUCT_NAME = "$(TARGET_NAME)";
				SWIFT_VERSION = 4.0;
				TARGETED_DEVICE_FAMILY = "1,2";
				TEST_HOST = "$(BUILT_PRODUCTS_DIR)/trial weather app.app/trial weather app";
			};
			name = Release;
		};
		2584B6FB1FCE21850052D771 /* Debug */ = {
			isa = XCBuildConfiguration;
			buildSettings = {
				ALWAYS_EMBED_SWIFT_STANDARD_LIBRARIES = YES;
				CODE_SIGN_STYLE = Automatic;
				INFOPLIST_FILE = "trial weather appUITests/Info.plist";
				LD_RUNPATH_SEARCH_PATHS = "$(inherited) @executable_path/Frameworks @loader_path/Frameworks";
				PRODUCT_BUNDLE_IDENTIFIER = "com.trial-weather-appUITests";
				PRODUCT_NAME = "$(TARGET_NAME)";
				SWIFT_VERSION = 4.0;
				TARGETED_DEVICE_FAMILY = "1,2";
				TEST_TARGET_NAME = "trial weather app";
			};
			name = Debug;
		};
		2584B6FC1FCE21850052D771 /* Release */ = {
			isa = XCBuildConfiguration;
			buildSettings = {
				ALWAYS_EMBED_SWIFT_STANDARD_LIBRARIES = YES;
				CODE_SIGN_STYLE = Automatic;
				INFOPLIST_FILE = "trial weather appUITests/Info.plist";
				LD_RUNPATH_SEARCH_PATHS = "$(inherited) @executable_path/Frameworks @loader_path/Frameworks";
				PRODUCT_BUNDLE_IDENTIFIER = "com.trial-weather-appUITests";
				PRODUCT_NAME = "$(TARGET_NAME)";
				SWIFT_VERSION = 4.0;
				TARGETED_DEVICE_FAMILY = "1,2";
				TEST_TARGET_NAME = "trial weather app";
			};
			name = Release;
		};
/* End XCBuildConfiguration section */

/* Begin XCConfigurationList section */
		2584B6C71FCE21850052D771 /* Build configuration list for PBXProject "trial weather app" */ = {
			isa = XCConfigurationList;
			buildConfigurations = (
				2584B6F21FCE21850052D771 /* Debug */,
				2584B6F31FCE21850052D771 /* Release */,
			);
			defaultConfigurationIsVisible = 0;
			defaultConfigurationName = Release;
		};
		2584B6F41FCE21850052D771 /* Build configuration list for PBXNativeTarget "trial weather app" */ = {
			isa = XCConfigurationList;
			buildConfigurations = (
				2584B6F51FCE21850052D771 /* Debug */,
				2584B6F61FCE21850052D771 /* Release */,
			);
			defaultConfigurationIsVisible = 0;
			defaultConfigurationName = Release;
		};
		2584B6F71FCE21850052D771 /* Build configuration list for PBXNativeTarget "trial weather appTests" */ = {
			isa = XCConfigurationList;
			buildConfigurations = (
				2584B6F81FCE21850052D771 /* Debug */,
				2584B6F91FCE21850052D771 /* Release */,
			);
			defaultConfigurationIsVisible = 0;
			defaultConfigurationName = Release;
		};
		2584B6FA1FCE21850052D771 /* Build configuration list for PBXNativeTarget "trial weather appUITests" */ = {
			isa = XCConfigurationList;
			buildConfigurations = (
				2584B6FB1FCE21850052D771 /* Debug */,
				2584B6FC1FCE21850052D771 /* Release */,
			);
			defaultConfigurationIsVisible = 0;
			defaultConfigurationName = Release;
		};
/* End XCConfigurationList section */
	};
	rootObject = 2584B6C41FCE21850052D771 /* Project object */;
}
